
Microsoft Visual Studio Solution File, Format Version 12.00
# Visual Studio Version 17
VisualStudioVersion = 17.11.35312.102
MinimumVisualStudioVersion = 10.0.40219.1
Project("{FAE04EC0-301F-11D3-BF4B-00C04F79EFBC}") = "labwork25", "labwork25\labwork25.csproj", "{36C65AAF-6043-4E26-8056-DD5C0F3AF277}"
EndProject
Global
	GlobalSection(SolutionConfigurationPlatforms) = preSolution
		Debug|Any CPU = Debug|Any CPU
		Release|Any CPU = Release|Any CPU
	EndGlobalSection
	GlobalSection(ProjectConfigurationPlatforms) = postSolution
		{36C65AAF-6043-4E26-8056-DD5C0F3AF277}.Debug|Any CPU.ActiveCfg = Debug|Any CPU
		{36C65AAF-6043-4E26-8056-DD5C0F3AF277}.Debug|Any CPU.Build.0 = Debug|Any CPU
		{36C65AAF-6043-4E26-8056-DD5C0F3AF277}.Release|Any CPU.ActiveCfg = Release|Any CPU
		{36C65AAF-6043-4E26-8056-DD5C0F3AF277}.Release|Any CPU.Build.0 = Release|Any CPU
	EndGlobalSection
	GlobalSection(SolutionProperties) = preSolution
		HideSolutionNode = FALSE
	EndGlobalSection
	GlobalSection(ExtensibilityGlobals) = postSolution
		SolutionGuid = {3C505DDB-7BE9-49EC-82CE-76F78EB47779}
	EndGlobalSection
EndGlobal
